{
  "name": "adminbsb-materialdesign",
  "version": "1.0.7",
  "lockfileVersion": 3,
  "requires": true,
  "packages": {
    "": {
      "name": "adminbsb-materialdesign",
      "version": "1.0.7",
      "license": "MIT",
      "dependencies": {
        "@fullcalendar/core": "^6.1.7",
        "@fullcalendar/daygrid": "^6.1.7",
        "@fullcalendar/google-calendar": "^6.1.7",
        "@fullcalendar/interaction": "^6.1.7",
        "@fullcalendar/list": "^6.1.7",
        "@fullcalendar/timegrid": "^6.1.7"
      }
    },
    "node_modules/@fullcalendar/core": {
      "version": "6.1.7",
      "resolved": "https://registry.npmjs.org/@fullcalendar/core/-/core-6.1.7.tgz",
      "integrity": "sha512-Hc63ARSyABlNo10B3NkA0z8ndaDmq5MKpcBB2iQsGQyn8N8cyn/x6V284Je1EwDoKsBlbrZAj+j+efBO+QQf5g==",
      "dependencies": {
        "preact": "~10.12.1"
      }
    },
    "node_modules/@fullcalendar/daygrid": {
      "version": "6.1.7",
      "resolved": "https://registry.npmjs.org/@fullcalendar/daygrid/-/daygrid-6.1.7.tgz",
      "integrity": "sha512-IB+QdRcs+TeTlsK8qJFtYZ/2GugmXEFC0C00/n1aLT7GLgFn3ueV1GN0EKvXv9HJ5ai8My65mYbSyQizY/Ishw==",
      "peerDependencies": {
        "@fullcalendar/core": "~6.1.7"
      }
    },
    "node_modules/@fullcalendar/google-calendar": {
      "version": "6.1.7",
      "resolved": "https://registry.npmjs.org/@fullcalendar/google-calendar/-/google-calendar-6.1.7.tgz",
      "integrity": "sha512-xXEtDnP+Hj5184mlKuxPfJdhBU3T/7MfbYKYiWx3jcDL7E9zjxkfVAYGJaNDppQrBPOstq4lF6SmWmatoGBXvg==",
      "peerDependencies": {
        "@fullcalendar/core": "~6.1.7"
      }
    },
    "node_modules/@fullcalendar/interaction": {
      "version": "6.1.7",
      "resolved": "https://registry.npmjs.org/@fullcalendar/interaction/-/interaction-6.1.7.tgz",
      "integrity": "sha512-C2KHSinc9cFUTcGYxRSIj7cBYNSroce+1d2Wa+HKVHguVv4kQuEvm/oPxJpTLXqFjNLfxyxVac7Zd4U0znjFtg==",
      "peerDependencies": {
        "@fullcalendar/core": "~6.1.7"
      }
    },
    "node_modules/@fullcalendar/list": {
      "version": "6.1.7",
      "resolved": "https://registry.npmjs.org/@fullcalendar/list/-/list-6.1.7.tgz",
      "integrity": "sha512-Fl6jGKylhrk+g/RCISsv66vzpzjCFhd4r3nUDeHTAAE375OYGlVPKpH67YaKxpMrofj82JLIzS3JEzyQBZo0Cg==",
      "peerDependencies": {
        "@fullcalendar/core": "~6.1.7"
      }
    },
    "node_modules/@fullcalendar/timegrid": {
      "version": "6.1.7",
      "resolved": "https://registry.npmjs.org/@fullcalendar/timegrid/-/timegrid-6.1.7.tgz",
      "integrity": "sha512-kVgJVswu96LrCozr+GyYzF+LUZjURC4HyDg11tCfrj2wMTsrYKqUxilTGXuD3daD4T7qp3CLCg5GdD6lbYHI7A==",
      "dependencies": {
        "@fullcalendar/daygrid": "~6.1.7"
      },
      "peerDependencies": {
        "@fullcalendar/core": "~6.1.7"
      }
    },
    "node_modules/preact": {
      "version": "10.12.1",
      "resolved": "https://registry.npmjs.org/preact/-/preact-10.12.1.tgz",
      "integrity": "sha512-l8386ixSsBdbreOAkqtrwqHwdvR35ID8c3rKPa8lCWuO86dBi32QWHV4vfsZK1utLLFMvw+Z5Ad4XLkZzchscg==",
      "funding": {
        "type": "opencollective",
        "url": "https://opencollective.com/preact"
      }
    }
  }
}
